
Microsoft Visual Studio Solution File, Format Version 12.00
# Visual Studio 14
VisualStudioVersion = 14.0.25420.1
MinimumVisualStudioVersion = 10.0.40219.1
Project("{2150E333-8FDC-42A3-9474-1A3956D46DE8}") = "src", "src", "{36A239E1-A4C6-4110-8A56-31D0928334A8}"
EndProject
Project("{2150E333-8FDC-42A3-9474-1A3956D46DE8}") = "Solution Items", "Solution Items", "{00469C19-F055-4441-99CC-3C228A956029}"
	ProjectSection(SolutionItems) = preProject
		global.json = global.json
	EndProjectSection
EndProject
Project("{8BB2217D-0F2D-49D1-97BC-3654ED321F3B}") = "AppointmentSystemWithMiixins", "src\AppointmentSystemWithMiixins\AppointmentSystemWithMiixins.xproj", "{31F1E7C2-971E-4628-B5D9-B1C1594B5AF4}"
EndProject
Global
	GlobalSection(SolutionConfigurationPlatforms) = preSolution
		Debug|Any CPU = Debug|Any CPU
		Release|Any CPU = Release|Any CPU
	EndGlobalSection
	GlobalSection(ProjectConfigurationPlatforms) = postSolution
		{31F1E7C2-971E-4628-B5D9-B1C1594B5AF4}.Debug|Any CPU.ActiveCfg = Debug|Any CPU
		{31F1E7C2-971E-4628-B5D9-B1C1594B5AF4}.Debug|Any CPU.Build.0 = Debug|Any CPU
		{31F1E7C2-971E-4628-B5D9-B1C1594B5AF4}.Release|Any CPU.ActiveCfg = Release|Any CPU
		{31F1E7C2-971E-4628-B5D9-B1C1594B5AF4}.Release|Any CPU.Build.0 = Release|Any CPU
	EndGlobalSection
	GlobalSection(SolutionProperties) = preSolution
		HideSolutionNode = FALSE
	EndGlobalSection
	GlobalSection(NestedProjects) = preSolution
		{31F1E7C2-971E-4628-B5D9-B1C1594B5AF4} = {36A239E1-A4C6-4110-8A56-31D0928334A8}
	EndGlobalSection
EndGlobal
