
Microsoft Visual Studio Solution File, Format Version 12.00
# Visual Studio 2013
VisualStudioVersion = 12.0.30501.0
MinimumVisualStudioVersion = 10.0.40219.1
Project("{FAE04EC0-301F-11D3-BF4B-00C04F79EFBC}") = "WordReportGenerator", "WordReportGenerator\WordReportGenerator.csproj", "{93272EB0-89AB-4C1F-922C-FD16B8CAC6FF}"
EndProject
Project("{FAE04EC0-301F-11D3-BF4B-00C04F79EFBC}") = "CompanyHierarchy", "CompanyHierarchy\CompanyHierarchy.csproj", "{68F69597-BB2F-4BD6-A701-3123681E6C35}"
EndProject
Project("{FAE04EC0-301F-11D3-BF4B-00C04F79EFBC}") = "WordReportGeneratorUI", "WordReportGeneratorUI\WordReportGeneratorUI.csproj", "{CA7DC3DA-0187-4DCA-A485-F6D9245CF857}"
EndProject
Global
	GlobalSection(SolutionConfigurationPlatforms) = preSolution
		Debug|Any CPU = Debug|Any CPU
		Release|Any CPU = Release|Any CPU
	EndGlobalSection
	GlobalSection(ProjectConfigurationPlatforms) = postSolution
		{93272EB0-89AB-4C1F-922C-FD16B8CAC6FF}.Debug|Any CPU.ActiveCfg = Debug|Any CPU
		{93272EB0-89AB-4C1F-922C-FD16B8CAC6FF}.Debug|Any CPU.Build.0 = Debug|Any CPU
		{93272EB0-89AB-4C1F-922C-FD16B8CAC6FF}.Release|Any CPU.ActiveCfg = Release|Any CPU
		{93272EB0-89AB-4C1F-922C-FD16B8CAC6FF}.Release|Any CPU.Build.0 = Release|Any CPU
		{68F69597-BB2F-4BD6-A701-3123681E6C35}.Debug|Any CPU.ActiveCfg = Debug|Any CPU
		{68F69597-BB2F-4BD6-A701-3123681E6C35}.Debug|Any CPU.Build.0 = Debug|Any CPU
		{68F69597-BB2F-4BD6-A701-3123681E6C35}.Release|Any CPU.ActiveCfg = Release|Any CPU
		{68F69597-BB2F-4BD6-A701-3123681E6C35}.Release|Any CPU.Build.0 = Release|Any CPU
		{CA7DC3DA-0187-4DCA-A485-F6D9245CF857}.Debug|Any CPU.ActiveCfg = Debug|Any CPU
		{CA7DC3DA-0187-4DCA-A485-F6D9245CF857}.Debug|Any CPU.Build.0 = Debug|Any CPU
		{CA7DC3DA-0187-4DCA-A485-F6D9245CF857}.Release|Any CPU.ActiveCfg = Release|Any CPU
		{CA7DC3DA-0187-4DCA-A485-F6D9245CF857}.Release|Any CPU.Build.0 = Release|Any CPU
	EndGlobalSection
	GlobalSection(SolutionProperties) = preSolution
		HideSolutionNode = FALSE
	EndGlobalSection
EndGlobal
