
Microsoft Visual Studio Solution File, Format Version 12.00
# Visual Studio 2013
VisualStudioVersion = 12.0.30501.0
MinimumVisualStudioVersion = 10.0.40219.1
Project("{FAE04EC0-301F-11D3-BF4B-00C04F79EFBC}") = "Paths", "Paths\Paths.csproj", "{C194D7F8-B691-46BA-B7BA-87541CA40B4D}"
EndProject
Project("{FAE04EC0-301F-11D3-BF4B-00C04F79EFBC}") = "Geometry", "Geometry\Geometry.csproj", "{E16672DA-6EA0-4F7F-8F7A-EFF4F3563227}"
EndProject
Project("{FAE04EC0-301F-11D3-BF4B-00C04F79EFBC}") = "BitArray", "BitArray\BitArray.csproj", "{A33302F3-3514-4984-A5E0-52603138F4EF}"
EndProject
Project("{FAE04EC0-301F-11D3-BF4B-00C04F79EFBC}") = "HTMLDispatch", "HTMLDispatch\HTMLDispatch.csproj", "{B2D99E63-124F-42D9-8411-61F1E050F11F}"
EndProject
Global
	GlobalSection(SolutionConfigurationPlatforms) = preSolution
		Debug|Any CPU = Debug|Any CPU
		Release|Any CPU = Release|Any CPU
	EndGlobalSection
	GlobalSection(ProjectConfigurationPlatforms) = postSolution
		{C194D7F8-B691-46BA-B7BA-87541CA40B4D}.Debug|Any CPU.ActiveCfg = Debug|Any CPU
		{C194D7F8-B691-46BA-B7BA-87541CA40B4D}.Debug|Any CPU.Build.0 = Debug|Any CPU
		{C194D7F8-B691-46BA-B7BA-87541CA40B4D}.Release|Any CPU.ActiveCfg = Release|Any CPU
		{C194D7F8-B691-46BA-B7BA-87541CA40B4D}.Release|Any CPU.Build.0 = Release|Any CPU
		{E16672DA-6EA0-4F7F-8F7A-EFF4F3563227}.Debug|Any CPU.ActiveCfg = Debug|Any CPU
		{E16672DA-6EA0-4F7F-8F7A-EFF4F3563227}.Debug|Any CPU.Build.0 = Debug|Any CPU
		{E16672DA-6EA0-4F7F-8F7A-EFF4F3563227}.Release|Any CPU.ActiveCfg = Release|Any CPU
		{E16672DA-6EA0-4F7F-8F7A-EFF4F3563227}.Release|Any CPU.Build.0 = Release|Any CPU
		{A33302F3-3514-4984-A5E0-52603138F4EF}.Debug|Any CPU.ActiveCfg = Debug|Any CPU
		{A33302F3-3514-4984-A5E0-52603138F4EF}.Debug|Any CPU.Build.0 = Debug|Any CPU
		{A33302F3-3514-4984-A5E0-52603138F4EF}.Release|Any CPU.ActiveCfg = Release|Any CPU
		{A33302F3-3514-4984-A5E0-52603138F4EF}.Release|Any CPU.Build.0 = Release|Any CPU
		{B2D99E63-124F-42D9-8411-61F1E050F11F}.Debug|Any CPU.ActiveCfg = Debug|Any CPU
		{B2D99E63-124F-42D9-8411-61F1E050F11F}.Debug|Any CPU.Build.0 = Debug|Any CPU
		{B2D99E63-124F-42D9-8411-61F1E050F11F}.Release|Any CPU.ActiveCfg = Release|Any CPU
		{B2D99E63-124F-42D9-8411-61F1E050F11F}.Release|Any CPU.Build.0 = Release|Any CPU
	EndGlobalSection
	GlobalSection(SolutionProperties) = preSolution
		HideSolutionNode = FALSE
	EndGlobalSection
EndGlobal
