
Microsoft Visual Studio Solution File, Format Version 12.00
# Visual Studio 2013
VisualStudioVersion = 12.0.30501.0
MinimumVisualStudioVersion = 10.0.40219.1
Project("{FAE04EC0-301F-11D3-BF4B-00C04F79EFBC}") = "Cars", "Cars\Cars.csproj", "{997386A6-C00E-424B-BBE5-D20C568543C3}"
EndProject
Project("{FAE04EC0-301F-11D3-BF4B-00C04F79EFBC}") = "Cars.Tests.Mocking", "Cars.Tests.Moq\Cars.Tests.Mocking.csproj", "{C776D9C6-C5ED-445A-8D66-4C9CB6D807F4}"
EndProject
Global
	GlobalSection(SolutionConfigurationPlatforms) = preSolution
		Debug|Any CPU = Debug|Any CPU
		Release|Any CPU = Release|Any CPU
	EndGlobalSection
	GlobalSection(ProjectConfigurationPlatforms) = postSolution
		{997386A6-C00E-424B-BBE5-D20C568543C3}.Debug|Any CPU.ActiveCfg = Debug|Any CPU
		{997386A6-C00E-424B-BBE5-D20C568543C3}.Debug|Any CPU.Build.0 = Debug|Any CPU
		{997386A6-C00E-424B-BBE5-D20C568543C3}.Release|Any CPU.ActiveCfg = Release|Any CPU
		{997386A6-C00E-424B-BBE5-D20C568543C3}.Release|Any CPU.Build.0 = Release|Any CPU
		{C776D9C6-C5ED-445A-8D66-4C9CB6D807F4}.Debug|Any CPU.ActiveCfg = Debug|Any CPU
		{C776D9C6-C5ED-445A-8D66-4C9CB6D807F4}.Debug|Any CPU.Build.0 = Debug|Any CPU
		{C776D9C6-C5ED-445A-8D66-4C9CB6D807F4}.Release|Any CPU.ActiveCfg = Release|Any CPU
		{C776D9C6-C5ED-445A-8D66-4C9CB6D807F4}.Release|Any CPU.Build.0 = Release|Any CPU
	EndGlobalSection
	GlobalSection(SolutionProperties) = preSolution
		HideSolutionNode = FALSE
	EndGlobalSection
EndGlobal
